
Microsoft Visual Studio Solution File, Format Version 12.00
# Visual Studio Version 17
VisualStudioVersion = 17.3.32929.385
MinimumVisualStudioVersion = 10.0.40219.1
Project("{FAE04EC0-301F-11D3-BF4B-00C04F79EFBC}") = "veterinary_Clinic", "veterinary_Clinic\veterinary_Clinic.csproj", "{19049A14-C708-4F05-91D1-662486AF2A5A}"
EndProject
Global
	GlobalSection(SolutionConfigurationPlatforms) = preSolution
		Debug|Any CPU = Debug|Any CPU
		Release|Any CPU = Release|Any CPU
	EndGlobalSection
	GlobalSection(ProjectConfigurationPlatforms) = postSolution
		{19049A14-C708-4F05-91D1-662486AF2A5A}.Debug|Any CPU.ActiveCfg = Debug|Any CPU
		{19049A14-C708-4F05-91D1-662486AF2A5A}.Debug|Any CPU.Build.0 = Debug|Any CPU
		{19049A14-C708-4F05-91D1-662486AF2A5A}.Release|Any CPU.ActiveCfg = Release|Any CPU
		{19049A14-C708-4F05-91D1-662486AF2A5A}.Release|Any CPU.Build.0 = Release|Any CPU
	EndGlobalSection
	GlobalSection(SolutionProperties) = preSolution
		HideSolutionNode = FALSE
	EndGlobalSection
	GlobalSection(ExtensibilityGlobals) = postSolution
		SolutionGuid = {8BA569B7-9D38-4C12-8F13-B934C2EA63EB}
	EndGlobalSection
EndGlobal
